
Microsoft Visual Studio Solution File, Format Version 12.00
# Visual Studio Version 16
VisualStudioVersion = 16.0.29613.14
MinimumVisualStudioVersion = 10.0.40219.1
Project("{FAE04EC0-301F-11D3-BF4B-00C04F79EFBC}") = "EchoBot", "EchoBot\EchoBot.csproj", "{7B5A3E89-BCC1-4DC9-8EFE-5175A3C91F72}"
EndProject
Global
	GlobalSection(SolutionConfigurationPlatforms) = preSolution
		Debug|Any CPU = Debug|Any CPU
		Release|Any CPU = Release|Any CPU
	EndGlobalSection
	GlobalSection(ProjectConfigurationPlatforms) = postSolution
		{7B5A3E89-BCC1-4DC9-8EFE-5175A3C91F72}.Debug|Any CPU.ActiveCfg = Debug|Any CPU
		{7B5A3E89-BCC1-4DC9-8EFE-5175A3C91F72}.Debug|Any CPU.Build.0 = Debug|Any CPU
		{7B5A3E89-BCC1-4DC9-8EFE-5175A3C91F72}.Release|Any CPU.ActiveCfg = Release|Any CPU
		{7B5A3E89-BCC1-4DC9-8EFE-5175A3C91F72}.Release|Any CPU.Build.0 = Release|Any CPU
	EndGlobalSection
	GlobalSection(SolutionProperties) = preSolution
		HideSolutionNode = FALSE
	EndGlobalSection
	GlobalSection(ExtensibilityGlobals) = postSolution
		SolutionGuid = {46C7BCD4-2D1E-4834-87A1-976B281AB1D4}
	EndGlobalSection
EndGlobal
